
Microsoft Visual Studio Solution File, Format Version 12.00
# Visual Studio 15
VisualStudioVersion = 15.0.27703.2035
MinimumVisualStudioVersion = 10.0.40219.1
Project("{FAE04EC0-301F-11D3-BF4B-00C04F79EFBC}") = "Consul.Core", "Consul.Core\Consul.Core.csproj", "{B3F113AD-645B-4EFF-B27C-3CD3368D1313}"
EndProject
Project("{FAE04EC0-301F-11D3-BF4B-00C04F79EFBC}") = "Consul.Core.Test", "Consul.Core.Test\Consul.Core.Test.csproj", "{F4F055C1-B276-4305-B4A5-806335694EE2}"
EndProject
Project("{FAE04EC0-301F-11D3-BF4B-00C04F79EFBC}") = "Consul.Core.Client", "Consul.Core.Client\Consul.Core.Client.csproj", "{2DD1D370-5034-4E03-AF75-4C40E2906381}"
EndProject
Global
	GlobalSection(SolutionConfigurationPlatforms) = preSolution
		Debug|Any CPU = Debug|Any CPU
		Release|Any CPU = Release|Any CPU
	EndGlobalSection
	GlobalSection(ProjectConfigurationPlatforms) = postSolution
		{B3F113AD-645B-4EFF-B27C-3CD3368D1313}.Debug|Any CPU.ActiveCfg = Debug|Any CPU
		{B3F113AD-645B-4EFF-B27C-3CD3368D1313}.Debug|Any CPU.Build.0 = Debug|Any CPU
		{B3F113AD-645B-4EFF-B27C-3CD3368D1313}.Release|Any CPU.ActiveCfg = Release|Any CPU
		{B3F113AD-645B-4EFF-B27C-3CD3368D1313}.Release|Any CPU.Build.0 = Release|Any CPU
		{F4F055C1-B276-4305-B4A5-806335694EE2}.Debug|Any CPU.ActiveCfg = Debug|Any CPU
		{F4F055C1-B276-4305-B4A5-806335694EE2}.Debug|Any CPU.Build.0 = Debug|Any CPU
		{F4F055C1-B276-4305-B4A5-806335694EE2}.Release|Any CPU.ActiveCfg = Release|Any CPU
		{F4F055C1-B276-4305-B4A5-806335694EE2}.Release|Any CPU.Build.0 = Release|Any CPU
		{2DD1D370-5034-4E03-AF75-4C40E2906381}.Debug|Any CPU.ActiveCfg = Debug|Any CPU
		{2DD1D370-5034-4E03-AF75-4C40E2906381}.Debug|Any CPU.Build.0 = Debug|Any CPU
		{2DD1D370-5034-4E03-AF75-4C40E2906381}.Release|Any CPU.ActiveCfg = Release|Any CPU
		{2DD1D370-5034-4E03-AF75-4C40E2906381}.Release|Any CPU.Build.0 = Release|Any CPU
	EndGlobalSection
	GlobalSection(SolutionProperties) = preSolution
		HideSolutionNode = FALSE
	EndGlobalSection
	GlobalSection(ExtensibilityGlobals) = postSolution
		SolutionGuid = {C482D42B-ADE9-47B6-804D-B78D1972F48B}
	EndGlobalSection
EndGlobal
